{
    "hash": "018c62f423b15d4265489a4aa8b6e25f",
    "packages": [
        {
            "name": "gelatindesign/ares",
            "version": "dev-develop",
            "source": {
                "type": "git",
                "url": "git@bitbucket.org:gelatindesign/ares.git",
                "reference": "b42e2c1c63e6de591b25b3b5dc33ab487d9ddf20"
            },
            "require": {
                "php": ">=5.3.3",
                "symfony/yaml": "2.*"
            },
            "time": "2013-01-19 02:21:00",
            "type": "library",
            "installation-source": "source",
            "autoload": {
                "psr-0": {
                    "Ares": ""
                }
            },
            "license": [
                "MIT"
            ],
            "authors": [
                {
                    "name": "Laurence Roberts",
                    "email": "info@gelatindesign.co.uk",
                    "role": "Developer"
                }
            ],
            "description": "A small mvc php framework",
            "homepage": "http://github.com/gelatindesign/Ares"
        },
        {
            "name": "nesbot/carbon",
            "version": "1.2.0",
            "source": {
                "type": "git",
                "url": "git://github.com/briannesbitt/Carbon.git",
                "reference": "1.2.0"
            },
            "dist": {
                "type": "zip",
                "url": "https://github.com/briannesbitt/Carbon/zipball/1.2.0",
                "reference": "1.2.0",
                "shasum": ""
            },
            "require": {
                "php": ">=5.3.0"
            },
            "time": "2012-10-14 17:41:18",
            "type": "library",
            "installation-source": "dist",
            "autoload": {
                "psr-0": {
                    "Carbon": "."
                }
            },
            "notification-url": "http://packagist.org/downloads/",
            "license": [
                "MIT"
            ],
            "authors": [
                {
                    "name": "Brian Nesbitt",
                    "email": "brian@nesbot.com",
                    "homepage": "http://nesbot.com"
                }
            ],
            "description": "A simple API extension for DateTime.",
            "homepage": "https://github.com/briannesbitt/Carbon",
            "keywords": [
                "time",
                "date",
                "datetime"
            ]
        },
        {
            "name": "symfony/yaml",
            "version": "v2.1.7",
            "target-dir": "Symfony/Component/Yaml",
            "source": {
                "type": "git",
                "url": "https://github.com/symfony/Yaml",
                "reference": "v2.1.7"
            },
            "dist": {
                "type": "zip",
                "url": "https://github.com/symfony/Yaml/archive/v2.1.7.zip",
                "reference": "v2.1.7",
                "shasum": ""
            },
            "require": {
                "php": ">=5.3.3"
            },
            "time": "2013-01-17 21:21:51",
            "type": "library",
            "installation-source": "dist",
            "autoload": {
                "psr-0": {
                    "Symfony\\Component\\Yaml": ""
                }
            },
            "notification-url": "http://packagist.org/downloads/",
            "license": [
                "MIT"
            ],
            "authors": [
                {
                    "name": "Fabien Potencier",
                    "email": "fabien@symfony.com"
                },
                {
                    "name": "Symfony Community",
                    "homepage": "http://symfony.com/contributors"
                }
            ],
            "description": "Symfony Yaml Component",
            "homepage": "http://symfony.com"
        }
    ],
    "packages-dev": null,
    "aliases": [

    ],
    "minimum-stability": "stable",
    "stability-flags": {
        "gelatindesign/ares": 20
    }
}
